// !$*UTF8*$!
{
	archiveVersion = 1;
	classes = {
	};
	objectVersion = 50;
	objects = {

/* Begin PBXBuildFile section */
		4D03689B252599C30064EF98 /* DoctorsListViewController.swift in Sources */ = {isa = PBXBuildFile; fileRef = 4D03689A252599C30064EF98 /* DoctorsListViewController.swift */; };
		4D812501252D0B75004BA034 /* Medication.swift in Sources */ = {isa = PBXBuildFile; fileRef = 4D812500252D0B75004BA034 /* Medication.swift */; };
		4D812503252D0B8F004BA034 /* Allergy.swift in Sources */ = {isa = PBXBuildFile; fileRef = 4D812502252D0B8F004BA034 /* Allergy.swift */; };
		4D812505252D0BA0004BA034 /* Doctor.swift in Sources */ = {isa = PBXBuildFile; fileRef = 4D812504252D0BA0004BA034 /* Doctor.swift */; };
		4D84D46C253EB94000E819BB /* Constants.swift in Sources */ = {isa = PBXBuildFile; fileRef = 4D84D46B253EB94000E819BB /* Constants.swift */; };
		98046A2C2540A27D00C673EE /* CoreLocation.framework in Frameworks */ = {isa = PBXBuildFile; fileRef = 98046A2A2540A25900C673EE /* CoreLocation.framework */; };
		98496E832574A6870025FB6F /* MedicationList.swift in Sources */ = {isa = PBXBuildFile; fileRef = 98496E822574A6870025FB6F /* MedicationList.swift */; };
		98905F20253E9A380013F656 /* DoctorDetailsViewController.swift in Sources */ = {isa = PBXBuildFile; fileRef = 98905F1F253E9A380013F656 /* DoctorDetailsViewController.swift */; };
		98905F22253EABEA0013F656 /* EditDoctorViewController.swift in Sources */ = {isa = PBXBuildFile; fileRef = 98905F21253EABE90013F656 /* EditDoctorViewController.swift */; };
		98905F24253EB3360013F656 /* AddDoctorViewController.swift in Sources */ = {isa = PBXBuildFile; fileRef = 98905F23253EB3360013F656 /* AddDoctorViewController.swift */; };
		9892CAE6254A605900FF4217 /* EditAllergyViewController.swift in Sources */ = {isa = PBXBuildFile; fileRef = 9892CAE5254A605900FF4217 /* EditAllergyViewController.swift */; };
		9892CAE8254A612500FF4217 /* AllergyDetailsViewController.swift in Sources */ = {isa = PBXBuildFile; fileRef = 9892CAE7254A612500FF4217 /* AllergyDetailsViewController.swift */; };
		9892CAEA254A65AC00FF4217 /* AddAllergyViewController.swift in Sources */ = {isa = PBXBuildFile; fileRef = 9892CAE9254A65AC00FF4217 /* AddAllergyViewController.swift */; };
		98E63CE42549193200F4BD96 /* MedicationDetailsViewController.swift in Sources */ = {isa = PBXBuildFile; fileRef = 98E63CE32549193200F4BD96 /* MedicationDetailsViewController.swift */; };
		98E63CE62549307500F4BD96 /* AddMedicationViewController.swift in Sources */ = {isa = PBXBuildFile; fileRef = 98E63CE52549307500F4BD96 /* AddMedicationViewController.swift */; };
		98E63CE82549323F00F4BD96 /* EditMedicationViewController.swift in Sources */ = {isa = PBXBuildFile; fileRef = 98E63CE72549323F00F4BD96 /* EditMedicationViewController.swift */; };
		98E63CEA254947D100F4BD96 /* AllergyListViewController.swift in Sources */ = {isa = PBXBuildFile; fileRef = 98E63CE9254947D100F4BD96 /* AllergyListViewController.swift */; };
		98E63CEC2549587400F4BD96 /* Profile.swift in Sources */ = {isa = PBXBuildFile; fileRef = 98E63CEB2549587400F4BD96 /* Profile.swift */; };
		98E63CEE254958B400F4BD96 /* Accounts.swift in Sources */ = {isa = PBXBuildFile; fileRef = 98E63CED254958B400F4BD96 /* Accounts.swift */; };
		98E63CF0254968C400F4BD96 /* EditProfileViewController.swift in Sources */ = {isa = PBXBuildFile; fileRef = 98E63CEF254968C400F4BD96 /* EditProfileViewController.swift */; };
		98E63CF42549815300F4BD96 /* LoginViewController.swift in Sources */ = {isa = PBXBuildFile; fileRef = 98E63CF32549815300F4BD96 /* LoginViewController.swift */; };
		98E63CF625498E9B00F4BD96 /* CreateAccountViewController.swift in Sources */ = {isa = PBXBuildFile; fileRef = 98E63CF525498E9B00F4BD96 /* CreateAccountViewController.swift */; };
		98F6A56A2523953A005D7330 /* AppDelegate.swift in Sources */ = {isa = PBXBuildFile; fileRef = 98F6A5692523953A005D7330 /* AppDelegate.swift */; };
		98F6A56C2523953A005D7330 /* SceneDelegate.swift in Sources */ = {isa = PBXBuildFile; fileRef = 98F6A56B2523953A005D7330 /* SceneDelegate.swift */; };
		98F6A56E2523953A005D7330 /* MedicationListViewController.swift in Sources */ = {isa = PBXBuildFile; fileRef = 98F6A56D2523953A005D7330 /* MedicationListViewController.swift */; };
		98F6A5702523953A005D7330 /* ProfileViewController.swift in Sources */ = {isa = PBXBuildFile; fileRef = 98F6A56F2523953A005D7330 /* ProfileViewController.swift */; };
		98F6A5732523953A005D7330 /* Main.storyboard in Resources */ = {isa = PBXBuildFile; fileRef = 98F6A5712523953A005D7330 /* Main.storyboard */; };
		98F6A5782523953D005D7330 /* Assets.xcassets in Resources */ = {isa = PBXBuildFile; fileRef = 98F6A5772523953D005D7330 /* Assets.xcassets */; };
		98F6A57B2523953D005D7330 /* LaunchScreen.storyboard in Resources */ = {isa = PBXBuildFile; fileRef = 98F6A5792523953D005D7330 /* LaunchScreen.storyboard */; };
		98F6A5862523953E005D7330 /* COSC4355_Medication_Reminder_ProjectTests.swift in Sources */ = {isa = PBXBuildFile; fileRef = 98F6A5852523953E005D7330 /* COSC4355_Medication_Reminder_ProjectTests.swift */; };
		98F6A5912523953E005D7330 /* COSC4355_Medication_Reminder_ProjectUITests.swift in Sources */ = {isa = PBXBuildFile; fileRef = 98F6A5902523953E005D7330 /* COSC4355_Medication_Reminder_ProjectUITests.swift */; };
/* End PBXBuildFile section */

/* Begin PBXContainerItemProxy section */
		98496E852574A6870025FB6F /* PBXContainerItemProxy */ = {
			isa = PBXContainerItemProxy;
			containerPortal = 98F6A55E2523953A005D7330 /* Project object */;
			proxyType = 1;
			remoteGlobalIDString = 98F6A5652523953A005D7330;
			remoteInfo = COSC4355_Medication_Reminder_Project;
		};
		98F6A5822523953D005D7330 /* PBXContainerItemProxy */ = {
			isa = PBXContainerItemProxy;
			containerPortal = 98F6A55E2523953A005D7330 /* Project object */;
			proxyType = 1;
			remoteGlobalIDString = 98F6A5652523953A005D7330;
			remoteInfo = COSC4355_Medication_Reminder_Project;
		};
		98F6A58D2523953E005D7330 /* PBXContainerItemProxy */ = {
			isa = PBXContainerItemProxy;
			containerPortal = 98F6A55E2523953A005D7330 /* Project object */;
			proxyType = 1;
			remoteGlobalIDString = 98F6A5652523953A005D7330;
			remoteInfo = COSC4355_Medication_Reminder_Project;
		};
/* End PBXContainerItemProxy section */

/* Begin PBXFileReference section */
		4D03689A252599C30064EF98 /* DoctorsListViewController.swift */ = {isa = PBXFileReference; lastKnownFileType = sourcecode.swift; path = DoctorsListViewController.swift; sourceTree = "<group>"; };
		4D812500252D0B75004BA034 /* Medication.swift */ = {isa = PBXFileReference; lastKnownFileType = sourcecode.swift; path = Medication.swift; sourceTree = "<group>"; };
		4D812502252D0B8F004BA034 /* Allergy.swift */ = {isa = PBXFileReference; lastKnownFileType = sourcecode.swift; path = Allergy.swift; sourceTree = "<group>"; };
		4D812504252D0BA0004BA034 /* Doctor.swift */ = {isa = PBXFileReference; lastKnownFileType = sourcecode.swift; path = Doctor.swift; sourceTree = "<group>"; };
		4D84D46B253EB94000E819BB /* Constants.swift */ = {isa = PBXFileReference; lastKnownFileType = sourcecode.swift; path = Constants.swift; sourceTree = "<group>"; };
		98046A2A2540A25900C673EE /* CoreLocation.framework */ = {isa = PBXFileReference; lastKnownFileType = wrapper.framework; name = CoreLocation.framework; path = System/Library/Frameworks/CoreLocation.framework; sourceTree = SDKROOT; };
		98496E802574A6870025FB6F /* MedicationList.xctest */ = {isa = PBXFileReference; explicitFileType = wrapper.cfbundle; includeInIndex = 0; path = MedicationList.xctest; sourceTree = BUILT_PRODUCTS_DIR; };
		98496E822574A6870025FB6F /* MedicationList.swift */ = {isa = PBXFileReference; lastKnownFileType = sourcecode.swift; path = MedicationList.swift; sourceTree = "<group>"; };
		98496E842574A6870025FB6F /* Info.plist */ = {isa = PBXFileReference; lastKnownFileType = text.plist.xml; path = Info.plist; sourceTree = "<group>"; };
		98905F1F253E9A380013F656 /* DoctorDetailsViewController.swift */ = {isa = PBXFileReference; lastKnownFileType = sourcecode.swift; path = DoctorDetailsViewController.swift; sourceTree = "<group>"; };
		98905F21253EABE90013F656 /* EditDoctorViewController.swift */ = {isa = PBXFileReference; lastKnownFileType = sourcecode.swift; path = EditDoctorViewController.swift; sourceTree = "<group>"; };
		98905F23253EB3360013F656 /* AddDoctorViewController.swift */ = {isa = PBXFileReference; lastKnownFileType = sourcecode.swift; path = AddDoctorViewController.swift; sourceTree = "<group>"; };
		9892CAE5254A605900FF4217 /* EditAllergyViewController.swift */ = {isa = PBXFileReference; lastKnownFileType = sourcecode.swift; path = EditAllergyViewController.swift; sourceTree = "<group>"; };
		9892CAE7254A612500FF4217 /* AllergyDetailsViewController.swift */ = {isa = PBXFileReference; lastKnownFileType = sourcecode.swift; path = AllergyDetailsViewController.swift; sourceTree = "<group>"; };
		9892CAE9254A65AC00FF4217 /* AddAllergyViewController.swift */ = {isa = PBXFileReference; lastKnownFileType = sourcecode.swift; path = AddAllergyViewController.swift; sourceTree = "<group>"; };
		98E63CE32549193200F4BD96 /* MedicationDetailsViewController.swift */ = {isa = PBXFileReference; lastKnownFileType = sourcecode.swift; path = MedicationDetailsViewController.swift; sourceTree = "<group>"; };
		98E63CE52549307500F4BD96 /* AddMedicationViewController.swift */ = {isa = PBXFileReference; lastKnownFileType = sourcecode.swift; path = AddMedicationViewController.swift; sourceTree = "<group>"; };
		98E63CE72549323F00F4BD96 /* EditMedicationViewController.swift */ = {isa = PBXFileReference; lastKnownFileType = sourcecode.swift; path = EditMedicationViewController.swift; sourceTree = "<group>"; };
		98E63CE9254947D100F4BD96 /* AllergyListViewController.swift */ = {isa = PBXFileReference; lastKnownFileType = sourcecode.swift; path = AllergyListViewController.swift; sourceTree = "<group>"; };
		98E63CEB2549587400F4BD96 /* Profile.swift */ = {isa = PBXFileReference; lastKnownFileType = sourcecode.swift; path = Profile.swift; sourceTree = "<group>"; };
		98E63CED254958B400F4BD96 /* Accounts.swift */ = {isa = PBXFileReference; lastKnownFileType = sourcecode.swift; path = Accounts.swift; sourceTree = "<group>"; };
		98E63CEF254968C400F4BD96 /* EditProfileViewController.swift */ = {isa = PBXFileReference; lastKnownFileType = sourcecode.swift; path = EditProfileViewController.swift; sourceTree = "<group>"; };
		98E63CF32549815300F4BD96 /* LoginViewController.swift */ = {isa = PBXFileReference; lastKnownFileType = sourcecode.swift; path = LoginViewController.swift; sourceTree = "<group>"; };
		98E63CF525498E9B00F4BD96 /* CreateAccountViewController.swift */ = {isa = PBXFileReference; lastKnownFileType = sourcecode.swift; path = CreateAccountViewController.swift; sourceTree = "<group>"; };
		98F6A5662523953A005D7330 /* COSC4355_Medication_Reminder_Project.app */ = {isa = PBXFileReference; explicitFileType = wrapper.application; includeInIndex = 0; path = COSC4355_Medication_Reminder_Project.app; sourceTree = BUILT_PRODUCTS_DIR; };
		98F6A5692523953A005D7330 /* AppDelegate.swift */ = {isa = PBXFileReference; lastKnownFileType = sourcecode.swift; path = AppDelegate.swift; sourceTree = "<group>"; };
		98F6A56B2523953A005D7330 /* SceneDelegate.swift */ = {isa = PBXFileReference; lastKnownFileType = sourcecode.swift; path = SceneDelegate.swift; sourceTree = "<group>"; };
		98F6A56D2523953A005D7330 /* MedicationListViewController.swift */ = {isa = PBXFileReference; lastKnownFileType = sourcecode.swift; path = MedicationListViewController.swift; sourceTree = "<group>"; };
		98F6A56F2523953A005D7330 /* ProfileViewController.swift */ = {isa = PBXFileReference; lastKnownFileType = sourcecode.swift; path = ProfileViewController.swift; sourceTree = "<group>"; };
		98F6A5722523953A005D7330 /* Base */ = {isa = PBXFileReference; lastKnownFileType = file.storyboard; name = Base; path = Base.lproj/Main.storyboard; sourceTree = "<group>"; };
		98F6A5772523953D005D7330 /* Assets.xcassets */ = {isa = PBXFileReference; lastKnownFileType = folder.assetcatalog; path = Assets.xcassets; sourceTree = "<group>"; };
		98F6A57A2523953D005D7330 /* Base */ = {isa = PBXFileReference; lastKnownFileType = file.storyboard; name = Base; path = Base.lproj/LaunchScreen.storyboard; sourceTree = "<group>"; };
		98F6A57C2523953D005D7330 /* Info.plist */ = {isa = PBXFileReference; lastKnownFileType = text.plist.xml; path = Info.plist; sourceTree = "<group>"; };
		98F6A5812523953D005D7330 /* COSC4355_Medication_Reminder_ProjectTests.xctest */ = {isa = PBXFileReference; explicitFileType = wrapper.cfbundle; includeInIndex = 0; path = COSC4355_Medication_Reminder_ProjectTests.xctest; sourceTree = BUILT_PRODUCTS_DIR; };
		98F6A5852523953E005D7330 /* COSC4355_Medication_Reminder_ProjectTests.swift */ = {isa = PBXFileReference; lastKnownFileType = sourcecode.swift; path = COSC4355_Medication_Reminder_ProjectTests.swift; sourceTree = "<group>"; };
		98F6A5872523953E005D7330 /* Info.plist */ = {isa = PBXFileReference; lastKnownFileType = text.plist.xml; path = Info.plist; sourceTree = "<group>"; };
		98F6A58C2523953E005D7330 /* COSC4355_Medication_Reminder_ProjectUITests.xctest */ = {isa = PBXFileReference; explicitFileType = wrapper.cfbundle; includeInIndex = 0; path = COSC4355_Medication_Reminder_ProjectUITests.xctest; sourceTree = BUILT_PRODUCTS_DIR; };
		98F6A5902523953E005D7330 /* COSC4355_Medication_Reminder_ProjectUITests.swift */ = {isa = PBXFileReference; lastKnownFileType = sourcecode.swift; path = COSC4355_Medication_Reminder_ProjectUITests.swift; sourceTree = "<group>"; };
		98F6A5922523953E005D7330 /* Info.plist */ = {isa = PBXFileReference; lastKnownFileType = text.plist.xml; path = Info.plist; sourceTree = "<group>"; };
/* End PBXFileReference section */

/* Begin PBXFrameworksBuildPhase section */
		98496E7D2574A6870025FB6F /* Frameworks */ = {
			isa = PBXFrameworksBuildPhase;
			buildActionMask = 2147483647;
			files = (
			);
			runOnlyForDeploymentPostprocessing = 0;
		};
		98F6A5632523953A005D7330 /* Frameworks */ = {
			isa = PBXFrameworksBuildPhase;
			buildActionMask = 2147483647;
			files = (
				98046A2C2540A27D00C673EE /* CoreLocation.framework in Frameworks */,
			);
			runOnlyForDeploymentPostprocessing = 0;
		};
		98F6A57E2523953D005D7330 /* Frameworks */ = {
			isa = PBXFrameworksBuildPhase;
			buildActionMask = 2147483647;
			files = (
			);
			runOnlyForDeploymentPostprocessing = 0;
		};
		98F6A5892523953E005D7330 /* Frameworks */ = {
			isa = PBXFrameworksBuildPhase;
			buildActionMask = 2147483647;
			files = (
			);
			runOnlyForDeploymentPostprocessing = 0;
		};
/* End PBXFrameworksBuildPhase section */

/* Begin PBXGroup section */
		4D03689C252599D70064EF98 /* Model */ = {
			isa = PBXGroup;
			children = (
				4D812500252D0B75004BA034 /* Medication.swift */,
				4D812502252D0B8F004BA034 /* Allergy.swift */,
				4D812504252D0BA0004BA034 /* Doctor.swift */,
				98E63CEB2549587400F4BD96 /* Profile.swift */,
				98E63CED254958B400F4BD96 /* Accounts.swift */,
			);
			path = Model;
			sourceTree = "<group>";
		};
		4D03689D252599E00064EF98 /* View */ = {
			isa = PBXGroup;
			children = (
				98F6A5712523953A005D7330 /* Main.storyboard */,
				98F6A5792523953D005D7330 /* LaunchScreen.storyboard */,
			);
			path = View;
			sourceTree = "<group>";
		};
		4D03689E252599E60064EF98 /* Controller */ = {
			isa = PBXGroup;
			children = (
				98E63CF32549815300F4BD96 /* LoginViewController.swift */,
				98E63CF525498E9B00F4BD96 /* CreateAccountViewController.swift */,
				98F6A56D2523953A005D7330 /* MedicationListViewController.swift */,
				98E63CE32549193200F4BD96 /* MedicationDetailsViewController.swift */,
				98E63CE52549307500F4BD96 /* AddMedicationViewController.swift */,
				98E63CE72549323F00F4BD96 /* EditMedicationViewController.swift */,
				98E63CE9254947D100F4BD96 /* AllergyListViewController.swift */,
				9892CAE7254A612500FF4217 /* AllergyDetailsViewController.swift */,
				9892CAE9254A65AC00FF4217 /* AddAllergyViewController.swift */,
				9892CAE5254A605900FF4217 /* EditAllergyViewController.swift */,
				4D03689A252599C30064EF98 /* DoctorsListViewController.swift */,
				98905F1F253E9A380013F656 /* DoctorDetailsViewController.swift */,
				98905F23253EB3360013F656 /* AddDoctorViewController.swift */,
				98905F21253EABE90013F656 /* EditDoctorViewController.swift */,
				98F6A56F2523953A005D7330 /* ProfileViewController.swift */,
				98E63CEF254968C400F4BD96 /* EditProfileViewController.swift */,
			);
			path = Controller;
			sourceTree = "<group>";
		};
		98046A292540A25900C673EE /* Frameworks */ = {
			isa = PBXGroup;
			children = (
				98046A2A2540A25900C673EE /* CoreLocation.framework */,
			);
			name = Frameworks;
			sourceTree = "<group>";
		};
		98496E812574A6870025FB6F /* MedicationList */ = {
			isa = PBXGroup;
			children = (
				98496E822574A6870025FB6F /* MedicationList.swift */,
				98496E842574A6870025FB6F /* Info.plist */,
			);
			path = MedicationList;
			sourceTree = "<group>";
		};
		98F6A55D2523953A005D7330 = {
			isa = PBXGroup;
			children = (
				98F6A5682523953A005D7330 /* COSC4355_Medication_Reminder_Project */,
				98F6A5842523953D005D7330 /* COSC4355_Medication_Reminder_ProjectTests */,
				98F6A58F2523953E005D7330 /* COSC4355_Medication_Reminder_ProjectUITests */,
				98496E812574A6870025FB6F /* MedicationList */,
				98F6A5672523953A005D7330 /* Products */,
				98046A292540A25900C673EE /* Frameworks */,
			);
			sourceTree = "<group>";
		};
		98F6A5672523953A005D7330 /* Products */ = {
			isa = PBXGroup;
			children = (
				98F6A5662523953A005D7330 /* COSC4355_Medication_Reminder_Project.app */,
				98F6A5812523953D005D7330 /* COSC4355_Medication_Reminder_ProjectTests.xctest */,
				98F6A58C2523953E005D7330 /* COSC4355_Medication_Reminder_ProjectUITests.xctest */,
				98496E802574A6870025FB6F /* MedicationList.xctest */,
			);
			name = Products;
			sourceTree = "<group>";
		};
		98F6A5682523953A005D7330 /* COSC4355_Medication_Reminder_Project */ = {
			isa = PBXGroup;
			children = (
				98F6A5772523953D005D7330 /* Assets.xcassets */,
				98F6A5692523953A005D7330 /* AppDelegate.swift */,
				98F6A56B2523953A005D7330 /* SceneDelegate.swift */,
				4D03689C252599D70064EF98 /* Model */,
				4D03689D252599E00064EF98 /* View */,
				4D03689E252599E60064EF98 /* Controller */,
				98F6A57C2523953D005D7330 /* Info.plist */,
				4D84D46B253EB94000E819BB /* Constants.swift */,
			);
			path = COSC4355_Medication_Reminder_Project;
			sourceTree = "<group>";
		};
		98F6A5842523953D005D7330 /* COSC4355_Medication_Reminder_ProjectTests */ = {
			isa = PBXGroup;
			children = (
				98F6A5852523953E005D7330 /* COSC4355_Medication_Reminder_ProjectTests.swift */,
				98F6A5872523953E005D7330 /* Info.plist */,
			);
			path = COSC4355_Medication_Reminder_ProjectTests;
			sourceTree = "<group>";
		};
		98F6A58F2523953E005D7330 /* COSC4355_Medication_Reminder_ProjectUITests */ = {
			isa = PBXGroup;
			children = (
				98F6A5902523953E005D7330 /* COSC4355_Medication_Reminder_ProjectUITests.swift */,
				98F6A5922523953E005D7330 /* Info.plist */,
			);
			path = COSC4355_Medication_Reminder_ProjectUITests;
			sourceTree = "<group>";
		};
/* End PBXGroup section */

/* Begin PBXNativeTarget section */
		98496E7F2574A6870025FB6F /* MedicationList */ = {
			isa = PBXNativeTarget;
			buildConfigurationList = 98496E872574A6870025FB6F /* Build configuration list for PBXNativeTarget "MedicationList" */;
			buildPhases = (
				98496E7C2574A6870025FB6F /* Sources */,
				98496E7D2574A6870025FB6F /* Frameworks */,
				98496E7E2574A6870025FB6F /* Resources */,
			);
			buildRules = (
			);
			dependencies = (
				98496E862574A6870025FB6F /* PBXTargetDependency */,
			);
			name = MedicationList;
			productName = MedicationList;
			productReference = 98496E802574A6870025FB6F /* MedicationList.xctest */;
			productType = "com.apple.product-type.bundle.unit-test";
		};
		98F6A5652523953A005D7330 /* COSC4355_Medication_Reminder_Project */ = {
			isa = PBXNativeTarget;
			buildConfigurationList = 98F6A5952523953E005D7330 /* Build configuration list for PBXNativeTarget "COSC4355_Medication_Reminder_Project" */;
			buildPhases = (
				98F6A5622523953A005D7330 /* Sources */,
				98F6A5632523953A005D7330 /* Frameworks */,
				98F6A5642523953A005D7330 /* Resources */,
			);
			buildRules = (
			);
			dependencies = (
			);
			name = COSC4355_Medication_Reminder_Project;
			productName = COSC4355_Medication_Reminder_Project;
			productReference = 98F6A5662523953A005D7330 /* COSC4355_Medication_Reminder_Project.app */;
			productType = "com.apple.product-type.application";
		};
		98F6A5802523953D005D7330 /* COSC4355_Medication_Reminder_ProjectTests */ = {
			isa = PBXNativeTarget;
			buildConfigurationList = 98F6A5982523953E005D7330 /* Build configuration list for PBXNativeTarget "COSC4355_Medication_Reminder_ProjectTests" */;
			buildPhases = (
				98F6A57D2523953D005D7330 /* Sources */,
				98F6A57E2523953D005D7330 /* Frameworks */,
				98F6A57F2523953D005D7330 /* Resources */,
			);
			buildRules = (
			);
			dependencies = (
				98F6A5832523953D005D7330 /* PBXTargetDependency */,
			);
			name = COSC4355_Medication_Reminder_ProjectTests;
			productName = COSC4355_Medication_Reminder_ProjectTests;
			productReference = 98F6A5812523953D005D7330 /* COSC4355_Medication_Reminder_ProjectTests.xctest */;
			productType = "com.apple.product-type.bundle.unit-test";
		};
		98F6A58B2523953E005D7330 /* COSC4355_Medication_Reminder_ProjectUITests */ = {
			isa = PBXNativeTarget;
			buildConfigurationList = 98F6A59B2523953E005D7330 /* Build configuration list for PBXNativeTarget "COSC4355_Medication_Reminder_ProjectUITests" */;
			buildPhases = (
				98F6A5882523953E005D7330 /* Sources */,
				98F6A5892523953E005D7330 /* Frameworks */,
				98F6A58A2523953E005D7330 /* Resources */,
			);
			buildRules = (
			);
			dependencies = (
				98F6A58E2523953E005D7330 /* PBXTargetDependency */,
			);
			name = COSC4355_Medication_Reminder_ProjectUITests;
			productName = COSC4355_Medication_Reminder_ProjectUITests;
			productReference = 98F6A58C2523953E005D7330 /* COSC4355_Medication_Reminder_ProjectUITests.xctest */;
			productType = "com.apple.product-type.bundle.ui-testing";
		};
/* End PBXNativeTarget section */

/* Begin PBXProject section */
		98F6A55E2523953A005D7330 /* Project object */ = {
			isa = PBXProject;
			attributes = {
				LastSwiftUpdateCheck = 1170;
				LastUpgradeCheck = 1170;
				ORGANIZATIONNAME = "Kevin Terwelp";
				TargetAttributes = {
					98496E7F2574A6870025FB6F = {
						CreatedOnToolsVersion = 11.7;
						TestTargetID = 98F6A5652523953A005D7330;
					};
					98F6A5652523953A005D7330 = {
						CreatedOnToolsVersion = 11.7;
					};
					98F6A5802523953D005D7330 = {
						CreatedOnToolsVersion = 11.7;
						TestTargetID = 98F6A5652523953A005D7330;
					};
					98F6A58B2523953E005D7330 = {
						CreatedOnToolsVersion = 11.7;
						TestTargetID = 98F6A5652523953A005D7330;
					};
				};
			};
			buildConfigurationList = 98F6A5612523953A005D7330 /* Build configuration list for PBXProject "COSC4355_Medication_Reminder_Project" */;
			compatibilityVersion = "Xcode 9.3";
			developmentRegion = en;
			hasScannedForEncodings = 0;
			knownRegions = (
				en,
				Base,
			);
			mainGroup = 98F6A55D2523953A005D7330;
			productRefGroup = 98F6A5672523953A005D7330 /* Products */;
			projectDirPath = "";
			projectRoot = "";
			targets = (
				98F6A5652523953A005D7330 /* COSC4355_Medication_Reminder_Project */,
				98F6A5802523953D005D7330 /* COSC4355_Medication_Reminder_ProjectTests */,
				98F6A58B2523953E005D7330 /* COSC4355_Medication_Reminder_ProjectUITests */,
				98496E7F2574A6870025FB6F /* MedicationList */,
			);
		};
/* End PBXProject section */

/* Begin PBXResourcesBuildPhase section */
		98496E7E2574A6870025FB6F /* Resources */ = {
			isa = PBXResourcesBuildPhase;
			buildActionMask = 2147483647;
			files = (
			);
			runOnlyForDeploymentPostprocessing = 0;
		};
		98F6A5642523953A005D7330 /* Resources */ = {
			isa = PBXResourcesBuildPhase;
			buildActionMask = 2147483647;
			files = (
				98F6A57B2523953D005D7330 /* LaunchScreen.storyboard in Resources */,
				98F6A5782523953D005D7330 /* Assets.xcassets in Resources */,
				98F6A5732523953A005D7330 /* Main.storyboard in Resources */,
			);
			runOnlyForDeploymentPostprocessing = 0;
		};
		98F6A57F2523953D005D7330 /* Resources */ = {
			isa = PBXResourcesBuildPhase;
			buildActionMask = 2147483647;
			files = (
			);
			runOnlyForDeploymentPostprocessing = 0;
		};
		98F6A58A2523953E005D7330 /* Resources */ = {
			isa = PBXResourcesBuildPhase;
			buildActionMask = 2147483647;
			files = (
			);
			runOnlyForDeploymentPostprocessing = 0;
		};
/* End PBXResourcesBuildPhase section */

/* Begin PBXSourcesBuildPhase section */
		98496E7C2574A6870025FB6F /* Sources */ = {
			isa = PBXSourcesBuildPhase;
			buildActionMask = 2147483647;
			files = (
				98496E832574A6870025FB6F /* MedicationList.swift in Sources */,
			);
			runOnlyForDeploymentPostprocessing = 0;
		};
		98F6A5622523953A005D7330 /* Sources */ = {
			isa = PBXSourcesBuildPhase;
			buildActionMask = 2147483647;
			files = (
				98E63CEA254947D100F4BD96 /* AllergyListViewController.swift in Sources */,
				98905F22253EABEA0013F656 /* EditDoctorViewController.swift in Sources */,
				98E63CF42549815300F4BD96 /* LoginViewController.swift in Sources */,
				98E63CE42549193200F4BD96 /* MedicationDetailsViewController.swift in Sources */,
				98E63CE62549307500F4BD96 /* AddMedicationViewController.swift in Sources */,
				4D812501252D0B75004BA034 /* Medication.swift in Sources */,
				9892CAE6254A605900FF4217 /* EditAllergyViewController.swift in Sources */,
				98905F24253EB3360013F656 /* AddDoctorViewController.swift in Sources */,
				4D812503252D0B8F004BA034 /* Allergy.swift in Sources */,
				4D03689B252599C30064EF98 /* DoctorsListViewController.swift in Sources */,
				98905F20253E9A380013F656 /* DoctorDetailsViewController.swift in Sources */,
				98E63CF625498E9B00F4BD96 /* CreateAccountViewController.swift in Sources */,
				98F6A5702523953A005D7330 /* ProfileViewController.swift in Sources */,
				98F6A56E2523953A005D7330 /* MedicationListViewController.swift in Sources */,
				4D84D46C253EB94000E819BB /* Constants.swift in Sources */,
				98F6A56A2523953A005D7330 /* AppDelegate.swift in Sources */,
				98E63CE82549323F00F4BD96 /* EditMedicationViewController.swift in Sources */,
				4D812505252D0BA0004BA034 /* Doctor.swift in Sources */,
				98E63CEC2549587400F4BD96 /* Profile.swift in Sources */,
				98E63CEE254958B400F4BD96 /* Accounts.swift in Sources */,
				9892CAE8254A612500FF4217 /* AllergyDetailsViewController.swift in Sources */,
				98F6A56C2523953A005D7330 /* SceneDelegate.swift in Sources */,
				98E63CF0254968C400F4BD96 /* EditProfileViewController.swift in Sources */,
				9892CAEA254A65AC00FF4217 /* AddAllergyViewController.swift in Sources */,
			);
			runOnlyForDeploymentPostprocessing = 0;
		};
		98F6A57D2523953D005D7330 /* Sources */ = {
			isa = PBXSourcesBuildPhase;
			buildActionMask = 2147483647;
			files = (
				98F6A5862523953E005D7330 /* COSC4355_Medication_Reminder_ProjectTests.swift in Sources */,
			);
			runOnlyForDeploymentPostprocessing = 0;
		};
		98F6A5882523953E005D7330 /* Sources */ = {
			isa = PBXSourcesBuildPhase;
			buildActionMask = 2147483647;
			files = (
				98F6A5912523953E005D7330 /* COSC4355_Medication_Reminder_ProjectUITests.swift in Sources */,
			);
			runOnlyForDeploymentPostprocessing = 0;
		};
/* End PBXSourcesBuildPhase section */

/* Begin PBXTargetDependency section */
		98496E862574A6870025FB6F /* PBXTargetDependency */ = {
			isa = PBXTargetDependency;
			target = 98F6A5652523953A005D7330 /* COSC4355_Medication_Reminder_Project */;
			targetProxy = 98496E852574A6870025FB6F /* PBXContainerItemProxy */;
		};
		98F6A5832523953D005D7330 /* PBXTargetDependency */ = {
			isa = PBXTargetDependency;
			target = 98F6A5652523953A005D7330 /* COSC4355_Medication_Reminder_Project */;
			targetProxy = 98F6A5822523953D005D7330 /* PBXContainerItemProxy */;
		};
		98F6A58E2523953E005D7330 /* PBXTargetDependency */ = {
			isa = PBXTargetDependency;
			target = 98F6A5652523953A005D7330 /* COSC4355_Medication_Reminder_Project */;
			targetProxy = 98F6A58D2523953E005D7330 /* PBXContainerItemProxy */;
		};
/* End PBXTargetDependency section */

/* Begin PBXVariantGroup section */
		98F6A5712523953A005D7330 /* Main.storyboard */ = {
			isa = PBXVariantGroup;
			children = (
				98F6A5722523953A005D7330 /* Base */,
			);
			name = Main.storyboard;
			sourceTree = "<group>";
		};
		98F6A5792523953D005D7330 /* LaunchScreen.storyboard */ = {
			isa = PBXVariantGroup;
			children = (
				98F6A57A2523953D005D7330 /* Base */,
			);
			name = LaunchScreen.storyboard;
			sourceTree = "<group>";
		};
/* End PBXVariantGroup section */

/* Begin XCBuildConfiguration section */
		98496E882574A6870025FB6F /* Debug */ = {
			isa = XCBuildConfiguration;
			buildSettings = {
				BUNDLE_LOADER = "$(TEST_HOST)";
				CODE_SIGN_STYLE = Automatic;
				DEVELOPMENT_TEAM = LH797M273K;
				INFOPLIST_FILE = MedicationList/Info.plist;
				LD_RUNPATH_SEARCH_PATHS = (
					"$(inherited)",
					"@executable_path/Frameworks",
					"@loader_path/Frameworks",
				);
				PRODUCT_BUNDLE_IDENTIFIER = com.KevinTerwelp.MedicationList;
				PRODUCT_NAME = "$(TARGET_NAME)";
				SWIFT_VERSION = 5.0;
				TARGETED_DEVICE_FAMILY = "1,2";
				TEST_HOST = "$(BUILT_PRODUCTS_DIR)/COSC4355_Medication_Reminder_Project.app/COSC4355_Medication_Reminder_Project";
			};
			name = Debug;
		};
		98496E892574A6870025FB6F /* Release */ = {
			isa = XCBuildConfiguration;
			buildSettings = {
				BUNDLE_LOADER = "$(TEST_HOST)";
				CODE_SIGN_STYLE = Automatic;
				DEVELOPMENT_TEAM = LH797M273K;
				INFOPLIST_FILE = MedicationList/Info.plist;
				LD_RUNPATH_SEARCH_PATHS = (
					"$(inherited)",
					"@executable_path/Frameworks",
					"@loader_path/Frameworks",
				);
				PRODUCT_BUNDLE_IDENTIFIER = com.KevinTerwelp.MedicationList;
				PRODUCT_NAME = "$(TARGET_NAME)";
				SWIFT_VERSION = 5.0;
				TARGETED_DEVICE_FAMILY = "1,2";
				TEST_HOST = "$(BUILT_PRODUCTS_DIR)/COSC4355_Medication_Reminder_Project.app/COSC4355_Medication_Reminder_Project";
			};
			name = Release;
		};
		98F6A5932523953E005D7330 /* Debug */ = {
			isa = XCBuildConfiguration;
			buildSettings = {
				ALWAYS_SEARCH_USER_PATHS = NO;
				CLANG_ANALYZER_NONNULL = YES;
				CLANG_ANALYZER_NUMBER_OBJECT_CONVERSION = YES_AGGRESSIVE;
				CLANG_CXX_LANGUAGE_STANDARD = "gnu++14";
				CLANG_CXX_LIBRARY = "libc++";
				CLANG_ENABLE_MODULES = YES;
				CLANG_ENABLE_OBJC_ARC = YES;
				CLANG_ENABLE_OBJC_WEAK = YES;
				CLANG_WARN_BLOCK_CAPTURE_AUTORELEASING = YES;
				CLANG_WARN_BOOL_CONVERSION = YES;
				CLANG_WARN_COMMA = YES;
				CLANG_WARN_CONSTANT_CONVERSION = YES;
				CLANG_WARN_DEPRECATED_OBJC_IMPLEMENTATIONS = YES;
				CLANG_WARN_DIRECT_OBJC_ISA_USAGE = YES_ERROR;
				CLANG_WARN_DOCUMENTATION_COMMENTS = YES;
				CLANG_WARN_EMPTY_BODY = YES;
				CLANG_WARN_ENUM_CONVERSION = YES;
				CLANG_WARN_INFINITE_RECURSION = YES;
				CLANG_WARN_INT_CONVERSION = YES;
				CLANG_WARN_NON_LITERAL_NULL_CONVERSION = YES;
				CLANG_WARN_OBJC_IMPLICIT_RETAIN_SELF = YES;
				CLANG_WARN_OBJC_LITERAL_CONVERSION = YES;
				CLANG_WARN_OBJC_ROOT_CLASS = YES_ERROR;
				CLANG_WARN_RANGE_LOOP_ANALYSIS = YES;
				CLANG_WARN_STRICT_PROTOTYPES = YES;
				CLANG_WARN_SUSPICIOUS_MOVE = YES;
				CLANG_WARN_UNGUARDED_AVAILABILITY = YES_AGGRESSIVE;
				CLANG_WARN_UNREACHABLE_CODE = YES;
				CLANG_WARN__DUPLICATE_METHOD_MATCH = YES;
				COPY_PHASE_STRIP = NO;
				DEBUG_INFORMATION_FORMAT = dwarf;
				ENABLE_STRICT_OBJC_MSGSEND = YES;
				ENABLE_TESTABILITY = YES;
				GCC_C_LANGUAGE_STANDARD = gnu11;
				GCC_DYNAMIC_NO_PIC = NO;
				GCC_NO_COMMON_BLOCKS = YES;
				GCC_OPTIMIZATION_LEVEL = 0;
				GCC_PREPROCESSOR_DEFINITIONS = (
					"DEBUG=1",
					"$(inherited)",
				);
				GCC_WARN_64_TO_32_BIT_CONVERSION = YES;
				GCC_WARN_ABOUT_RETURN_TYPE = YES_ERROR;
				GCC_WARN_UNDECLARED_SELECTOR = YES;
				GCC_WARN_UNINITIALIZED_AUTOS = YES_AGGRESSIVE;
				GCC_WARN_UNUSED_FUNCTION = YES;
				GCC_WARN_UNUSED_VARIABLE = YES;
				IPHONEOS_DEPLOYMENT_TARGET = 13.7;
				MTL_ENABLE_DEBUG_INFO = INCLUDE_SOURCE;
				MTL_FAST_MATH = YES;
				ONLY_ACTIVE_ARCH = YES;
				SDKROOT = iphoneos;
				SWIFT_ACTIVE_COMPILATION_CONDITIONS = DEBUG;
				SWIFT_OPTIMIZATION_LEVEL = "-Onone";
			};
			name = Debug;
		};
		98F6A5942523953E005D7330 /* Release */ = {
			isa = XCBuildConfiguration;
			buildSettings = {
				ALWAYS_SEARCH_USER_PATHS = NO;
				CLANG_ANALYZER_NONNULL = YES;
				CLANG_ANALYZER_NUMBER_OBJECT_CONVERSION = YES_AGGRESSIVE;
				CLANG_CXX_LANGUAGE_STANDARD = "gnu++14";
				CLANG_CXX_LIBRARY = "libc++";
				CLANG_ENABLE_MODULES = YES;
				CLANG_ENABLE_OBJC_ARC = YES;
				CLANG_ENABLE_OBJC_WEAK = YES;
				CLANG_WARN_BLOCK_CAPTURE_AUTORELEASING = YES;
				CLANG_WARN_BOOL_CONVERSION = YES;
				CLANG_WARN_COMMA = YES;
				CLANG_WARN_CONSTANT_CONVERSION = YES;
				CLANG_WARN_DEPRECATED_OBJC_IMPLEMENTATIONS = YES;
				CLANG_WARN_DIRECT_OBJC_ISA_USAGE = YES_ERROR;
				CLANG_WARN_DOCUMENTATION_COMMENTS = YES;
				CLANG_WARN_EMPTY_BODY = YES;
				CLANG_WARN_ENUM_CONVERSION = YES;
				CLANG_WARN_INFINITE_RECURSION = YES;
				CLANG_WARN_INT_CONVERSION = YES;
				CLANG_WARN_NON_LITERAL_NULL_CONVERSION = YES;
				CLANG_WARN_OBJC_IMPLICIT_RETAIN_SELF = YES;
				CLANG_WARN_OBJC_LITERAL_CONVERSION = YES;
				CLANG_WARN_OBJC_ROOT_CLASS = YES_ERROR;
				CLANG_WARN_RANGE_LOOP_ANALYSIS = YES;
				CLANG_WARN_STRICT_PROTOTYPES = YES;
				CLANG_WARN_SUSPICIOUS_MOVE = YES;
				CLANG_WARN_UNGUARDED_AVAILABILITY = YES_AGGRESSIVE;
				CLANG_WARN_UNREACHABLE_CODE = YES;
				CLANG_WARN__DUPLICATE_METHOD_MATCH = YES;
				COPY_PHASE_STRIP = NO;
				DEBUG_INFORMATION_FORMAT = "dwarf-with-dsym";
				ENABLE_NS_ASSERTIONS = NO;
				ENABLE_STRICT_OBJC_MSGSEND = YES;
				GCC_C_LANGUAGE_STANDARD = gnu11;
				GCC_NO_COMMON_BLOCKS = YES;
				GCC_WARN_64_TO_32_BIT_CONVERSION = YES;
				GCC_WARN_ABOUT_RETURN_TYPE = YES_ERROR;
				GCC_WARN_UNDECLARED_SELECTOR = YES;
				GCC_WARN_UNINITIALIZED_AUTOS = YES_AGGRESSIVE;
				GCC_WARN_UNUSED_FUNCTION = YES;
				GCC_WARN_UNUSED_VARIABLE = YES;
				IPHONEOS_DEPLOYMENT_TARGET = 13.7;
				MTL_ENABLE_DEBUG_INFO = NO;
				MTL_FAST_MATH = YES;
				SDKROOT = iphoneos;
				SWIFT_COMPILATION_MODE = wholemodule;
				SWIFT_OPTIMIZATION_LEVEL = "-O";
				VALIDATE_PRODUCT = YES;
			};
			name = Release;
		};
		98F6A5962523953E005D7330 /* Debug */ = {
			isa = XCBuildConfiguration;
			buildSettings = {
				ASSETCATALOG_COMPILER_APPICON_NAME = AppIcon;
				CODE_SIGN_STYLE = Automatic;
				DEVELOPMENT_TEAM = LH797M273K;
				INFOPLIST_FILE = COSC4355_Medication_Reminder_Project/Info.plist;
				IPHONEOS_DEPLOYMENT_TARGET = 13.6;
				LD_RUNPATH_SEARCH_PATHS = (
					"$(inherited)",
					"@executable_path/Frameworks",
				);
				PRODUCT_BUNDLE_IDENTIFIER = "com.KevinTerwelp.COSC4355-Medication-Reminder-Project";
				PRODUCT_NAME = "$(TARGET_NAME)";
				SWIFT_VERSION = 5.0;
				TARGETED_DEVICE_FAMILY = "1,2";
			};
			name = Debug;
		};
		98F6A5972523953E005D7330 /* Release */ = {
			isa = XCBuildConfiguration;
			buildSettings = {
				ASSETCATALOG_COMPILER_APPICON_NAME = AppIcon;
				CODE_SIGN_STYLE = Automatic;
				DEVELOPMENT_TEAM = LH797M273K;
				INFOPLIST_FILE = COSC4355_Medication_Reminder_Project/Info.plist;
				IPHONEOS_DEPLOYMENT_TARGET = 13.6;
				LD_RUNPATH_SEARCH_PATHS = (
					"$(inherited)",
					"@executable_path/Frameworks",
				);
				PRODUCT_BUNDLE_IDENTIFIER = "com.KevinTerwelp.COSC4355-Medication-Reminder-Project";
				PRODUCT_NAME = "$(TARGET_NAME)";
				SWIFT_VERSION = 5.0;
				TARGETED_DEVICE_FAMILY = "1,2";
			};
			name = Release;
		};
		98F6A5992523953E005D7330 /* Debug */ = {
			isa = XCBuildConfiguration;
			buildSettings = {
				ALWAYS_EMBED_SWIFT_STANDARD_LIBRARIES = YES;
				BUNDLE_LOADER = "$(TEST_HOST)";
				CODE_SIGN_STYLE = Automatic;
				DEVELOPMENT_TEAM = LH797M273K;
				INFOPLIST_FILE = COSC4355_Medication_Reminder_ProjectTests/Info.plist;
				IPHONEOS_DEPLOYMENT_TARGET = 13.7;
				LD_RUNPATH_SEARCH_PATHS = (
					"$(inherited)",
					"@executable_path/Frameworks",
					"@loader_path/Frameworks",
				);
				PRODUCT_BUNDLE_IDENTIFIER = "com.KevinTerwelp.COSC4355-Medication-Reminder-ProjectTests";
				PRODUCT_NAME = "$(TARGET_NAME)";
				SWIFT_VERSION = 5.0;
				TARGETED_DEVICE_FAMILY = "1,2";
				TEST_HOST = "$(BUILT_PRODUCTS_DIR)/COSC4355_Medication_Reminder_Project.app/COSC4355_Medication_Reminder_Project";
			};
			name = Debug;
		};
		98F6A59A2523953E005D7330 /* Release */ = {
			isa = XCBuildConfiguration;
			buildSettings = {
				ALWAYS_EMBED_SWIFT_STANDARD_LIBRARIES = YES;
				BUNDLE_LOADER = "$(TEST_HOST)";
				CODE_SIGN_STYLE = Automatic;
				DEVELOPMENT_TEAM = LH797M273K;
				INFOPLIST_FILE = COSC4355_Medication_Reminder_ProjectTests/Info.plist;
				IPHONEOS_DEPLOYMENT_TARGET = 13.7;
				LD_RUNPATH_SEARCH_PATHS = (
					"$(inherited)",
					"@executable_path/Frameworks",
					"@loader_path/Frameworks",
				);
				PRODUCT_BUNDLE_IDENTIFIER = "com.KevinTerwelp.COSC4355-Medication-Reminder-ProjectTests";
				PRODUCT_NAME = "$(TARGET_NAME)";
				SWIFT_VERSION = 5.0;
				TARGETED_DEVICE_FAMILY = "1,2";
				TEST_HOST = "$(BUILT_PRODUCTS_DIR)/COSC4355_Medication_Reminder_Project.app/COSC4355_Medication_Reminder_Project";
			};
			name = Release;
		};
		98F6A59C2523953E005D7330 /* Debug */ = {
			isa = XCBuildConfiguration;
			buildSettings = {
				ALWAYS_EMBED_SWIFT_STANDARD_LIBRARIES = YES;
				CODE_SIGN_STYLE = Automatic;
				DEVELOPMENT_TEAM = LH797M273K;
				INFOPLIST_FILE = COSC4355_Medication_Reminder_ProjectUITests/Info.plist;
				LD_RUNPATH_SEARCH_PATHS = (
					"$(inherited)",
					"@executable_path/Frameworks",
					"@loader_path/Frameworks",
				);
				PRODUCT_BUNDLE_IDENTIFIER = "com.KevinTerwelp.COSC4355-Medication-Reminder-ProjectUITests";
				PRODUCT_NAME = "$(TARGET_NAME)";
				SWIFT_VERSION = 5.0;
				TARGETED_DEVICE_FAMILY = "1,2";
				TEST_TARGET_NAME = COSC4355_Medication_Reminder_Project;
			};
			name = Debug;
		};
		98F6A59D2523953E005D7330 /* Release */ = {
			isa = XCBuildConfiguration;
			buildSettings = {
				ALWAYS_EMBED_SWIFT_STANDARD_LIBRARIES = YES;
				CODE_SIGN_STYLE = Automatic;
				DEVELOPMENT_TEAM = LH797M273K;
				INFOPLIST_FILE = COSC4355_Medication_Reminder_ProjectUITests/Info.plist;
				LD_RUNPATH_SEARCH_PATHS = (
					"$(inherited)",
					"@executable_path/Frameworks",
					"@loader_path/Frameworks",
				);
				PRODUCT_BUNDLE_IDENTIFIER = "com.KevinTerwelp.COSC4355-Medication-Reminder-ProjectUITests";
				PRODUCT_NAME = "$(TARGET_NAME)";
				SWIFT_VERSION = 5.0;
				TARGETED_DEVICE_FAMILY = "1,2";
				TEST_TARGET_NAME = COSC4355_Medication_Reminder_Project;
			};
			name = Release;
		};
/* End XCBuildConfiguration section */

/* Begin XCConfigurationList section */
		98496E872574A6870025FB6F /* Build configuration list for PBXNativeTarget "MedicationList" */ = {
			isa = XCConfigurationList;
			buildConfigurations = (
				98496E882574A6870025FB6F /* Debug */,
				98496E892574A6870025FB6F /* Release */,
			);
			defaultConfigurationIsVisible = 0;
			defaultConfigurationName = Release;
		};
		98F6A5612523953A005D7330 /* Build configuration list for PBXProject "COSC4355_Medication_Reminder_Project" */ = {
			isa = XCConfigurationList;
			buildConfigurations = (
				98F6A5932523953E005D7330 /* Debug */,
				98F6A5942523953E005D7330 /* Release */,
			);
			defaultConfigurationIsVisible = 0;
			defaultConfigurationName = Release;
		};
		98F6A5952523953E005D7330 /* Build configuration list for PBXNativeTarget "COSC4355_Medication_Reminder_Project" */ = {
			isa = XCConfigurationList;
			buildConfigurations = (
				98F6A5962523953E005D7330 /* Debug */,
				98F6A5972523953E005D7330 /* Release */,
			);
			defaultConfigurationIsVisible = 0;
			defaultConfigurationName = Release;
		};
		98F6A5982523953E005D7330 /* Build configuration list for PBXNativeTarget "COSC4355_Medication_Reminder_ProjectTests" */ = {
			isa = XCConfigurationList;
			buildConfigurations = (
				98F6A5992523953E005D7330 /* Debug */,
				98F6A59A2523953E005D7330 /* Release */,
			);
			defaultConfigurationIsVisible = 0;
			defaultConfigurationName = Release;
		};
		98F6A59B2523953E005D7330 /* Build configuration list for PBXNativeTarget "COSC4355_Medication_Reminder_ProjectUITests" */ = {
			isa = XCConfigurationList;
			buildConfigurations = (
				98F6A59C2523953E005D7330 /* Debug */,
				98F6A59D2523953E005D7330 /* Release */,
			);
			defaultConfigurationIsVisible = 0;
			defaultConfigurationName = Release;
		};
/* End XCConfigurationList section */
	};
	rootObject = 98F6A55E2523953A005D7330 /* Project object */;
}
